
Microsoft Visual Studio Solution File, Format Version 12.00
# Visual Studio 2012
Project("{FAE04EC0-301F-11D3-BF4B-00C04F79EFBC}") = "FakeServer", "FakeServer\FakeServer.csproj", "{7807F9D9-8AB1-4682-AB13-F7A2EC8154C5}"
EndProject
Project("{FAE04EC0-301F-11D3-BF4B-00C04F79EFBC}") = "FakeClient", "FakeClient\FakeClient.csproj", "{66FB913B-AE5E-4FBD-834E-E3B27D93800F}"
EndProject
Project("{FAE04EC0-301F-11D3-BF4B-00C04F79EFBC}") = "SMTPLibrary", "SMTPLibrary\SMTPLibrary.csproj", "{D54C6359-F6EA-4AA5-B787-1E1691F583DD}"
EndProject
Project("{FAE04EC0-301F-11D3-BF4B-00C04F79EFBC}") = "SMTPLibrary.BaseProcessors", "SMTPLibrary.BaseProcessors\SMTPLibrary.BaseProcessors.csproj", "{C91393B4-DF86-4E6B-B75C-C93F4F94F1E2}"
EndProject
Project("{FAE04EC0-301F-11D3-BF4B-00C04F79EFBC}") = "SMTPLibrary.Tests", "SMTPLibrary.Tests\SMTPLibrary.Tests.csproj", "{896A15AC-F6CB-4C49-92C2-ACB3E9B06814}"
EndProject
Global
	GlobalSection(SolutionConfigurationPlatforms) = preSolution
		Debug|Any CPU = Debug|Any CPU
		Release|Any CPU = Release|Any CPU
	EndGlobalSection
	GlobalSection(ProjectConfigurationPlatforms) = postSolution
		{7807F9D9-8AB1-4682-AB13-F7A2EC8154C5}.Debug|Any CPU.ActiveCfg = Debug|Any CPU
		{7807F9D9-8AB1-4682-AB13-F7A2EC8154C5}.Debug|Any CPU.Build.0 = Debug|Any CPU
		{7807F9D9-8AB1-4682-AB13-F7A2EC8154C5}.Release|Any CPU.ActiveCfg = Release|Any CPU
		{7807F9D9-8AB1-4682-AB13-F7A2EC8154C5}.Release|Any CPU.Build.0 = Release|Any CPU
		{66FB913B-AE5E-4FBD-834E-E3B27D93800F}.Debug|Any CPU.ActiveCfg = Debug|Any CPU
		{66FB913B-AE5E-4FBD-834E-E3B27D93800F}.Debug|Any CPU.Build.0 = Debug|Any CPU
		{66FB913B-AE5E-4FBD-834E-E3B27D93800F}.Release|Any CPU.ActiveCfg = Release|Any CPU
		{66FB913B-AE5E-4FBD-834E-E3B27D93800F}.Release|Any CPU.Build.0 = Release|Any CPU
		{D54C6359-F6EA-4AA5-B787-1E1691F583DD}.Debug|Any CPU.ActiveCfg = Debug|Any CPU
		{D54C6359-F6EA-4AA5-B787-1E1691F583DD}.Debug|Any CPU.Build.0 = Debug|Any CPU
		{D54C6359-F6EA-4AA5-B787-1E1691F583DD}.Release|Any CPU.ActiveCfg = Release|Any CPU
		{D54C6359-F6EA-4AA5-B787-1E1691F583DD}.Release|Any CPU.Build.0 = Release|Any CPU
		{C91393B4-DF86-4E6B-B75C-C93F4F94F1E2}.Debug|Any CPU.ActiveCfg = Debug|Any CPU
		{C91393B4-DF86-4E6B-B75C-C93F4F94F1E2}.Debug|Any CPU.Build.0 = Debug|Any CPU
		{C91393B4-DF86-4E6B-B75C-C93F4F94F1E2}.Release|Any CPU.ActiveCfg = Release|Any CPU
		{C91393B4-DF86-4E6B-B75C-C93F4F94F1E2}.Release|Any CPU.Build.0 = Release|Any CPU
		{896A15AC-F6CB-4C49-92C2-ACB3E9B06814}.Debug|Any CPU.ActiveCfg = Debug|Any CPU
		{896A15AC-F6CB-4C49-92C2-ACB3E9B06814}.Debug|Any CPU.Build.0 = Debug|Any CPU
		{896A15AC-F6CB-4C49-92C2-ACB3E9B06814}.Release|Any CPU.ActiveCfg = Release|Any CPU
		{896A15AC-F6CB-4C49-92C2-ACB3E9B06814}.Release|Any CPU.Build.0 = Release|Any CPU
	EndGlobalSection
	GlobalSection(SolutionProperties) = preSolution
		HideSolutionNode = FALSE
	EndGlobalSection
EndGlobal
